{
  "name": "v57-runtime-lint",
  "version": "1.0.0",
  "lockfileVersion": 3,
  "requires": true,
  "packages": {
    "": {
      "name": "v57-runtime-lint",
      "version": "1.0.0",
      "bin": {
        "v57-runtime-lint": "runtime-lint.js"
      },
      "engines": {
        "node": ">=18"
      }
    }
  }
}
